
Microsoft Visual Studio Solution File, Format Version 11.00
# Visual Studio 2010
Project("{FAE04EC0-301F-11D3-BF4B-00C04F79EFBC}") = "FlyNowAirlineBookingService", "FlyNowAirlineBookingService\FlyNowAirlineBookingService.csproj", "{B5AF8A31-F7DE-4C20-A386-C853917AF794}"
EndProject
Global
	GlobalSection(SolutionConfigurationPlatforms) = preSolution
		Debug|Any CPU = Debug|Any CPU
		Release|Any CPU = Release|Any CPU
	EndGlobalSection
	GlobalSection(ProjectConfigurationPlatforms) = postSolution
		{B5AF8A31-F7DE-4C20-A386-C853917AF794}.Debug|Any CPU.ActiveCfg = Debug|Any CPU
		{B5AF8A31-F7DE-4C20-A386-C853917AF794}.Debug|Any CPU.Build.0 = Debug|Any CPU
		{B5AF8A31-F7DE-4C20-A386-C853917AF794}.Release|Any CPU.ActiveCfg = Release|Any CPU
		{B5AF8A31-F7DE-4C20-A386-C853917AF794}.Release|Any CPU.Build.0 = Release|Any CPU
	EndGlobalSection
	GlobalSection(SolutionProperties) = preSolution
		HideSolutionNode = FALSE
	EndGlobalSection
EndGlobal
